
Microsoft Visual Studio Solution File, Format Version 12.00
# Visual Studio Version 17
VisualStudioVersion = 17.3.32929.385
MinimumVisualStudioVersion = 10.0.40219.1
Project("{FAE04EC0-301F-11D3-BF4B-00C04F79EFBC}") = "Minibank", "Minibank\Minibank.csproj", "{039D46B8-AA84-4452-ACC3-1D1D91EE8FBE}"
EndProject
Global
	GlobalSection(SolutionConfigurationPlatforms) = preSolution
		Debug|Any CPU = Debug|Any CPU
		Release|Any CPU = Release|Any CPU
	EndGlobalSection
	GlobalSection(ProjectConfigurationPlatforms) = postSolution
		{039D46B8-AA84-4452-ACC3-1D1D91EE8FBE}.Debug|Any CPU.ActiveCfg = Debug|Any CPU
		{039D46B8-AA84-4452-ACC3-1D1D91EE8FBE}.Debug|Any CPU.Build.0 = Debug|Any CPU
		{039D46B8-AA84-4452-ACC3-1D1D91EE8FBE}.Release|Any CPU.ActiveCfg = Release|Any CPU
		{039D46B8-AA84-4452-ACC3-1D1D91EE8FBE}.Release|Any CPU.Build.0 = Release|Any CPU
	EndGlobalSection
	GlobalSection(SolutionProperties) = preSolution
		HideSolutionNode = FALSE
	EndGlobalSection
	GlobalSection(ExtensibilityGlobals) = postSolution
		SolutionGuid = {87CF57C4-F8BF-4986-BF45-1313087DF580}
	EndGlobalSection
EndGlobal
